
Microsoft Visual Studio Solution File, Format Version 12.00
# Visual Studio Version 16
VisualStudioVersion = 16.0.30413.136
MinimumVisualStudioVersion = 10.0.40219.1
Project("{F184B08F-C81C-45F6-A57F-5ABD9991F28F}") = "Dice Game - NEA", "Dice Game - NEA\Dice Game - NEA.vbproj", "{082E8F87-FE8C-40A1-9920-0D02ECD66CA7}"
EndProject
Global
	GlobalSection(SolutionConfigurationPlatforms) = preSolution
		Debug|Any CPU = Debug|Any CPU
		Release|Any CPU = Release|Any CPU
	EndGlobalSection
	GlobalSection(ProjectConfigurationPlatforms) = postSolution
		{082E8F87-FE8C-40A1-9920-0D02ECD66CA7}.Debug|Any CPU.ActiveCfg = Debug|Any CPU
		{082E8F87-FE8C-40A1-9920-0D02ECD66CA7}.Debug|Any CPU.Build.0 = Debug|Any CPU
		{082E8F87-FE8C-40A1-9920-0D02ECD66CA7}.Release|Any CPU.ActiveCfg = Release|Any CPU
		{082E8F87-FE8C-40A1-9920-0D02ECD66CA7}.Release|Any CPU.Build.0 = Release|Any CPU
	EndGlobalSection
	GlobalSection(SolutionProperties) = preSolution
		HideSolutionNode = FALSE
	EndGlobalSection
	GlobalSection(ExtensibilityGlobals) = postSolution
		SolutionGuid = {3126831B-3B1D-4BCB-AFA3-9E8CC4AA3444}
	EndGlobalSection
EndGlobal
